{
  "name": "quarx-async",
  "version": "0.11.1",
  "lockfileVersion": 2,
  "requires": true,
  "packages": {
    "": {
      "name": "quarx-async",
      "version": "0.11.1",
      "license": "MIT",
      "dependencies": {
        "conclure": "^2, >=2.2.0",
        "quarx": "^5, >=5.4.1"
      },
      "devDependencies": {
        "utap": "^0.1.2"
      }
    },
    "node_modules/chalk": {
      "version": "5.1.2",
      "resolved": "https://registry.npmjs.org/chalk/-/chalk-5.1.2.tgz",
      "integrity": "sha512-E5CkT4jWURs1Vy5qGJye+XwCkNj7Od3Af7CP6SujMetSMkLs8Do2RWJK5yx1wamHV/op8Rz+9rltjaTQWDnEFQ==",
      "dev": true,
      "engines": {
        "node": "^12.17.0 || ^14.13 || >=16.0.0"
      },
      "funding": {
        "url": "https://github.com/chalk/chalk?sponsor=1"
      }
    },
    "node_modules/conclure": {
      "version": "2.2.0",
      "resolved": "https://registry.npmjs.org/conclure/-/conclure-2.2.0.tgz",
      "integrity": "sha512-ZSpKY9mR2FRNZgAOt+yDuUZbgydWgep7GiYtsyO9wCfx2f0WdLZqX6/tHruR7SicT4QY2/1FnJEkA6cgQPC0wA=="
    },
    "node_modules/quarx": {
      "version": "5.4.1",
      "resolved": "https://registry.npmjs.org/quarx/-/quarx-5.4.1.tgz",
      "integrity": "sha512-XAgqqaHlh5sbYe36NKk+kyYhMEEWSXCkFKV/0nnG0nzi6MU1GYLNjw8t/KNnnc8FtC6lbGvq0lo9YV7yHzSNQA=="
    },
    "node_modules/utap": {
      "version": "0.1.2",
      "resolved": "https://registry.npmjs.org/utap/-/utap-0.1.2.tgz",
      "integrity": "sha512-ZkbgRBhlJzfYOQGzD4+Rd1eWQsZdyJljdNZDgHfy4Fv7y1C0bQalG3aaNTgmXsQf/vxT0LXfnu1TEUwA7HCThw==",
      "dev": true,
      "dependencies": {
        "chalk": "^5.1.2"
      },
      "bin": {
        "utap": "src/utap.js"
      }
    }
  },
  "dependencies": {
    "chalk": {
      "version": "5.1.2",
      "resolved": "https://registry.npmjs.org/chalk/-/chalk-5.1.2.tgz",
      "integrity": "sha512-E5CkT4jWURs1Vy5qGJye+XwCkNj7Od3Af7CP6SujMetSMkLs8Do2RWJK5yx1wamHV/op8Rz+9rltjaTQWDnEFQ==",
      "dev": true
    },
    "conclure": {
      "version": "2.2.0",
      "resolved": "https://registry.npmjs.org/conclure/-/conclure-2.2.0.tgz",
      "integrity": "sha512-ZSpKY9mR2FRNZgAOt+yDuUZbgydWgep7GiYtsyO9wCfx2f0WdLZqX6/tHruR7SicT4QY2/1FnJEkA6cgQPC0wA=="
    },
    "quarx": {
      "version": "5.4.1",
      "resolved": "https://registry.npmjs.org/quarx/-/quarx-5.4.1.tgz",
      "integrity": "sha512-XAgqqaHlh5sbYe36NKk+kyYhMEEWSXCkFKV/0nnG0nzi6MU1GYLNjw8t/KNnnc8FtC6lbGvq0lo9YV7yHzSNQA=="
    },
    "utap": {
      "version": "0.1.2",
      "resolved": "https://registry.npmjs.org/utap/-/utap-0.1.2.tgz",
      "integrity": "sha512-ZkbgRBhlJzfYOQGzD4+Rd1eWQsZdyJljdNZDgHfy4Fv7y1C0bQalG3aaNTgmXsQf/vxT0LXfnu1TEUwA7HCThw==",
      "dev": true,
      "requires": {
        "chalk": "^5.1.2"
      }
    }
  }
}
